{
  "object": {
    "pins": [
      {
        "package": "AnyFormatKit",
        "repositoryURL": "https://github.com/luximetr/AnyFormatKit",
        "state": {
          "branch": null,
          "revision": "27b35c984c1c81e74c8be5273f7b2dc5250cb5cc",
          "version": "2.5.1"
        }
      },
      {
        "package": "AnyFormatKitSwiftUI",
        "repositoryURL": "https://github.com/luximetr/AnyFormatKitSwiftUI",
        "state": {
          "branch": null,
          "revision": "d9ec9442f8e06f2fe5b70e09ec1a540ad6edc207",
          "version": "0.5.0"
        }
      },
      {
        "package": "Drops",
        "repositoryURL": "https://github.com/omaralbeik/Drops",
        "state": {
          "branch": null,
          "revision": "331438469b6cc62761740ebee3fc6871b8615305",
          "version": "1.2.1"
        }
      },
      {
        "package": "KeychainSwift",
        "repositoryURL": "https://github.com/evgenyneu/keychain-swift",
        "state": {
          "branch": null,
          "revision": "96fb84f45a96630e7583903bd7e08cf095c7a7ef",
          "version": "19.0.0"
        }
      },
      {
        "package": "OmenTextField",
        "repositoryURL": "https://github.com/kitlangton/OmenTextField",
        "state": {
          "branch": null,
          "revision": "da87c6568700aa633639e85e159e6fbba73ce28a",
          "version": "0.0.6"
        }
      },
      {
        "package": "PartialSheet",
        "repositoryURL": "https://github.com/AndreaMiotto/PartialSheet",
        "state": {
          "branch": null,
          "revision": "45b8e76c67aaa799e65e607930efc3b1dac07a1c",
          "version": "2.1.12"
        }
      },
      {
        "package": "SwiftUIX",
        "repositoryURL": "https://github.com/SwiftUIX/SwiftUIX",
        "state": {
          "branch": "master",
          "revision": "05a64d9e40cb48acb8280c3d2450f09014ef24cc",
          "version": null
        }
      }
    ]
  },
  "version": 1
}
